# This file is automatically @generated by Poetry 1.8.4 and should not be changed by hand.

[[package]]
name = "advent-helper"
version = "1.0.0"
description = ""
optional = false
python-versions = "3.13.0"
files = []
develop = true

[package.source]
type = "directory"
url = "advent_helper"

[metadata]
lock-version = "2.0"
python-versions = "3.13.0"
content-hash = "1517d361cd597bea983a2d89f56f369d4210f28e2bdafab8fe0859543564d189"
